// !$*UTF8*$!
{
	archiveVersion = 1;
	classes = {
	};
	objectVersion = 46;
	objects = {

/* Begin PBXBuildFile section */
		F03693E3194C133C00C8AFC8 /* libDwollaOAuthLib.a in Frameworks */ = {isa = PBXBuildFile; fileRef = F03693E0194C132900C8AFC8 /* libDwollaOAuthLib.a */; };
		F0B188C3194BECCE00A21896 /* Foundation.framework in Frameworks */ = {isa = PBXBuildFile; fileRef = F0B188C2194BECCE00A21896 /* Foundation.framework */; };
		F0B188C5194BECCE00A21896 /* CoreGraphics.framework in Frameworks */ = {isa = PBXBuildFile; fileRef = F0B188C4194BECCE00A21896 /* CoreGraphics.framework */; };
		F0B188C7194BECCE00A21896 /* UIKit.framework in Frameworks */ = {isa = PBXBuildFile; fileRef = F0B188C6194BECCE00A21896 /* UIKit.framework */; };
		F0B188CD194BECCE00A21896 /* InfoPlist.strings in Resources */ = {isa = PBXBuildFile; fileRef = F0B188CB194BECCE00A21896 /* InfoPlist.strings */; };
		F0B188CF194BECCE00A21896 /* main.m in Sources */ = {isa = PBXBuildFile; fileRef = F0B188CE194BECCE00A21896 /* main.m */; };
		F0B188D3194BECCE00A21896 /* AppDelegate.m in Sources */ = {isa = PBXBuildFile; fileRef = F0B188D2194BECCE00A21896 /* AppDelegate.m */; };
		F0B188D6194BECCE00A21896 /* Main_iPhone.storyboard in Resources */ = {isa = PBXBuildFile; fileRef = F0B188D4194BECCE00A21896 /* Main_iPhone.storyboard */; };
		F0B188D9194BECCE00A21896 /* Main_iPad.storyboard in Resources */ = {isa = PBXBuildFile; fileRef = F0B188D7194BECCE00A21896 /* Main_iPad.storyboard */; };
		F0B188DC194BECCE00A21896 /* ViewController.m in Sources */ = {isa = PBXBuildFile; fileRef = F0B188DB194BECCE00A21896 /* ViewController.m */; };
		F0B188DE194BECCE00A21896 /* Images.xcassets in Resources */ = {isa = PBXBuildFile; fileRef = F0B188DD194BECCE00A21896 /* Images.xcassets */; };
		F0B188E5194BECCE00A21896 /* XCTest.framework in Frameworks */ = {isa = PBXBuildFile; fileRef = F0B188E4194BECCE00A21896 /* XCTest.framework */; };
		F0B188E6194BECCE00A21896 /* Foundation.framework in Frameworks */ = {isa = PBXBuildFile; fileRef = F0B188C2194BECCE00A21896 /* Foundation.framework */; };
		F0B188E7194BECCE00A21896 /* UIKit.framework in Frameworks */ = {isa = PBXBuildFile; fileRef = F0B188C6194BECCE00A21896 /* UIKit.framework */; };
		F0B188EF194BECCE00A21896 /* InfoPlist.strings in Resources */ = {isa = PBXBuildFile; fileRef = F0B188ED194BECCE00A21896 /* InfoPlist.strings */; };
		F0B188F1194BECCE00A21896 /* Win_a_DollaTests.m in Sources */ = {isa = PBXBuildFile; fileRef = F0B188F0194BECCE00A21896 /* Win_a_DollaTests.m */; };
/* End PBXBuildFile section */

/* Begin PBXContainerItemProxy section */
		F03693DB194C132900C8AFC8 /* PBXContainerItemProxy */ = {
			isa = PBXContainerItemProxy;
			containerPortal = F03693D5194C132900C8AFC8 /* DwollaOAuth.xcodeproj */;
			proxyType = 2;
			remoteGlobalIDString = F534DB9A157EB04E000E2BF8;
			remoteInfo = DwollaOAuth;
		};
		F03693DD194C132900C8AFC8 /* PBXContainerItemProxy */ = {
			isa = PBXContainerItemProxy;
			containerPortal = F03693D5194C132900C8AFC8 /* DwollaOAuth.xcodeproj */;
			proxyType = 2;
			remoteGlobalIDString = 4EDBE3DA16811A71007FD655;
			remoteInfo = Test;
		};
		F03693DF194C132900C8AFC8 /* PBXContainerItemProxy */ = {
			isa = PBXContainerItemProxy;
			containerPortal = F03693D5194C132900C8AFC8 /* DwollaOAuth.xcodeproj */;
			proxyType = 2;
			remoteGlobalIDString = 889FF8A4166699B40037DC40;
			remoteInfo = DwollaOAuthLib;
		};
		F03693E1194C133600C8AFC8 /* PBXContainerItemProxy */ = {
			isa = PBXContainerItemProxy;
			containerPortal = F03693D5194C132900C8AFC8 /* DwollaOAuth.xcodeproj */;
			proxyType = 1;
			remoteGlobalIDString = 889FF8A3166699B40037DC40;
			remoteInfo = DwollaOAuthLib;
		};
		F0B188E8194BECCE00A21896 /* PBXContainerItemProxy */ = {
			isa = PBXContainerItemProxy;
			containerPortal = F0B188B7194BECCE00A21896 /* Project object */;
			proxyType = 1;
			remoteGlobalIDString = F0B188BE194BECCE00A21896;
			remoteInfo = "Win a Dolla";
		};
/* End PBXContainerItemProxy section */

/* Begin PBXFileReference section */
		F03693D5194C132900C8AFC8 /* DwollaOAuth.xcodeproj */ = {isa = PBXFileReference; lastKnownFileType = "wrapper.pb-project"; name = DwollaOAuth.xcodeproj; path = "dwolla-ios/DwollaOAuth.xcodeproj"; sourceTree = "<group>"; };
		F0B188BF194BECCE00A21896 /* Win a Dolla.app */ = {isa = PBXFileReference; explicitFileType = wrapper.application; includeInIndex = 0; path = "Win a Dolla.app"; sourceTree = BUILT_PRODUCTS_DIR; };
		F0B188C2194BECCE00A21896 /* Foundation.framework */ = {isa = PBXFileReference; lastKnownFileType = wrapper.framework; name = Foundation.framework; path = System/Library/Frameworks/Foundation.framework; sourceTree = SDKROOT; };
		F0B188C4194BECCE00A21896 /* CoreGraphics.framework */ = {isa = PBXFileReference; lastKnownFileType = wrapper.framework; name = CoreGraphics.framework; path = System/Library/Frameworks/CoreGraphics.framework; sourceTree = SDKROOT; };
		F0B188C6194BECCE00A21896 /* UIKit.framework */ = {isa = PBXFileReference; lastKnownFileType = wrapper.framework; name = UIKit.framework; path = System/Library/Frameworks/UIKit.framework; sourceTree = SDKROOT; };
		F0B188CA194BECCE00A21896 /* Win a Dolla-Info.plist */ = {isa = PBXFileReference; lastKnownFileType = text.plist.xml; path = "Win a Dolla-Info.plist"; sourceTree = "<group>"; };
		F0B188CC194BECCE00A21896 /* en */ = {isa = PBXFileReference; lastKnownFileType = text.plist.strings; name = en; path = en.lproj/InfoPlist.strings; sourceTree = "<group>"; };
		F0B188CE194BECCE00A21896 /* main.m */ = {isa = PBXFileReference; lastKnownFileType = sourcecode.c.objc; path = main.m; sourceTree = "<group>"; };
		F0B188D0194BECCE00A21896 /* Win a Dolla-Prefix.pch */ = {isa = PBXFileReference; lastKnownFileType = sourcecode.c.h; path = "Win a Dolla-Prefix.pch"; sourceTree = "<group>"; };
		F0B188D1194BECCE00A21896 /* AppDelegate.h */ = {isa = PBXFileReference; lastKnownFileType = sourcecode.c.h; path = AppDelegate.h; sourceTree = "<group>"; };
		F0B188D2194BECCE00A21896 /* AppDelegate.m */ = {isa = PBXFileReference; lastKnownFileType = sourcecode.c.objc; path = AppDelegate.m; sourceTree = "<group>"; };
		F0B188D5194BECCE00A21896 /* Base */ = {isa = PBXFileReference; lastKnownFileType = file.storyboard; name = Base; path = Base.lproj/Main_iPhone.storyboard; sourceTree = "<group>"; };
		F0B188D8194BECCE00A21896 /* Base */ = {isa = PBXFileReference; lastKnownFileType = file.storyboard; name = Base; path = Base.lproj/Main_iPad.storyboard; sourceTree = "<group>"; };
		F0B188DA194BECCE00A21896 /* ViewController.h */ = {isa = PBXFileReference; lastKnownFileType = sourcecode.c.h; path = ViewController.h; sourceTree = "<group>"; };
		F0B188DB194BECCE00A21896 /* ViewController.m */ = {isa = PBXFileReference; lastKnownFileType = sourcecode.c.objc; path = ViewController.m; sourceTree = "<group>"; };
		F0B188DD194BECCE00A21896 /* Images.xcassets */ = {isa = PBXFileReference; lastKnownFileType = folder.assetcatalog; path = Images.xcassets; sourceTree = "<group>"; };
		F0B188E3194BECCE00A21896 /* Win a DollaTests.xctest */ = {isa = PBXFileReference; explicitFileType = wrapper.cfbundle; includeInIndex = 0; path = "Win a DollaTests.xctest"; sourceTree = BUILT_PRODUCTS_DIR; };
		F0B188E4194BECCE00A21896 /* XCTest.framework */ = {isa = PBXFileReference; lastKnownFileType = wrapper.framework; name = XCTest.framework; path = Library/Frameworks/XCTest.framework; sourceTree = DEVELOPER_DIR; };
		F0B188EC194BECCE00A21896 /* Win a DollaTests-Info.plist */ = {isa = PBXFileReference; lastKnownFileType = text.plist.xml; path = "Win a DollaTests-Info.plist"; sourceTree = "<group>"; };
		F0B188EE194BECCE00A21896 /* en */ = {isa = PBXFileReference; lastKnownFileType = text.plist.strings; name = en; path = en.lproj/InfoPlist.strings; sourceTree = "<group>"; };
		F0B188F0194BECCE00A21896 /* Win_a_DollaTests.m */ = {isa = PBXFileReference; lastKnownFileType = sourcecode.c.objc; path = Win_a_DollaTests.m; sourceTree = "<group>"; };
/* End PBXFileReference section */

/* Begin PBXFrameworksBuildPhase section */
		F0B188BC194BECCE00A21896 /* Frameworks */ = {
			isa = PBXFrameworksBuildPhase;
			buildActionMask = 2147483647;
			files = (
				F03693E3194C133C00C8AFC8 /* libDwollaOAuthLib.a in Frameworks */,
				F0B188C5194BECCE00A21896 /* CoreGraphics.framework in Frameworks */,
				F0B188C7194BECCE00A21896 /* UIKit.framework in Frameworks */,
				F0B188C3194BECCE00A21896 /* Foundation.framework in Frameworks */,
			);
			runOnlyForDeploymentPostprocessing = 0;
		};
		F0B188E0194BECCE00A21896 /* Frameworks */ = {
			isa = PBXFrameworksBuildPhase;
			buildActionMask = 2147483647;
			files = (
				F0B188E5194BECCE00A21896 /* XCTest.framework in Frameworks */,
				F0B188E7194BECCE00A21896 /* UIKit.framework in Frameworks */,
				F0B188E6194BECCE00A21896 /* Foundation.framework in Frameworks */,
			);
			runOnlyForDeploymentPostprocessing = 0;
		};
/* End PBXFrameworksBuildPhase section */

/* Begin PBXGroup section */
		F03693D6194C132900C8AFC8 /* Products */ = {
			isa = PBXGroup;
			children = (
				F03693DC194C132900C8AFC8 /* DwollaOAuth.app */,
				F03693DE194C132900C8AFC8 /* Test.app */,
				F03693E0194C132900C8AFC8 /* libDwollaOAuthLib.a */,
			);
			name = Products;
			sourceTree = "<group>";
		};
		F03693E4194C222C00C8AFC8 /* New Group */ = {
			isa = PBXGroup;
			children = (
			);
			name = "New Group";
			sourceTree = "<group>";
		};
		F0B188B6194BECCE00A21896 = {
			isa = PBXGroup;
			children = (
				F03693D5194C132900C8AFC8 /* DwollaOAuth.xcodeproj */,
				F0B188C8194BECCE00A21896 /* Win a Dolla */,
				F0B188EA194BECCE00A21896 /* Win a DollaTests */,
				F0B188C1194BECCE00A21896 /* Frameworks */,
				F0B188C0194BECCE00A21896 /* Products */,
			);
			sourceTree = "<group>";
		};
		F0B188C0194BECCE00A21896 /* Products */ = {
			isa = PBXGroup;
			children = (
				F0B188BF194BECCE00A21896 /* Win a Dolla.app */,
				F0B188E3194BECCE00A21896 /* Win a DollaTests.xctest */,
			);
			name = Products;
			sourceTree = "<group>";
		};
		F0B188C1194BECCE00A21896 /* Frameworks */ = {
			isa = PBXGroup;
			children = (
				F0B188C2194BECCE00A21896 /* Foundation.framework */,
				F0B188C4194BECCE00A21896 /* CoreGraphics.framework */,
				F0B188C6194BECCE00A21896 /* UIKit.framework */,
				F0B188E4194BECCE00A21896 /* XCTest.framework */,
			);
			name = Frameworks;
			sourceTree = "<group>";
		};
		F0B188C8194BECCE00A21896 /* Win a Dolla */ = {
			isa = PBXGroup;
			children = (
				F0B188D1194BECCE00A21896 /* AppDelegate.h */,
				F0B188D2194BECCE00A21896 /* AppDelegate.m */,
				F0B188D4194BECCE00A21896 /* Main_iPhone.storyboard */,
				F0B188D7194BECCE00A21896 /* Main_iPad.storyboard */,
				F0B188DA194BECCE00A21896 /* ViewController.h */,
				F0B188DB194BECCE00A21896 /* ViewController.m */,
				F03693E4194C222C00C8AFC8 /* New Group */,
				F0B188DD194BECCE00A21896 /* Images.xcassets */,
				F0B188C9194BECCE00A21896 /* Supporting Files */,
			);
			path = "Win a Dolla";
			sourceTree = "<group>";
		};
		F0B188C9194BECCE00A21896 /* Supporting Files */ = {
			isa = PBXGroup;
			children = (
				F0B188CA194BECCE00A21896 /* Win a Dolla-Info.plist */,
				F0B188CB194BECCE00A21896 /* InfoPlist.strings */,
				F0B188CE194BECCE00A21896 /* main.m */,
				F0B188D0194BECCE00A21896 /* Win a Dolla-Prefix.pch */,
			);
			name = "Supporting Files";
			sourceTree = "<group>";
		};
		F0B188EA194BECCE00A21896 /* Win a DollaTests */ = {
			isa = PBXGroup;
			children = (
				F0B188F0194BECCE00A21896 /* Win_a_DollaTests.m */,
				F0B188EB194BECCE00A21896 /* Supporting Files */,
			);
			path = "Win a DollaTests";
			sourceTree = "<group>";
		};
		F0B188EB194BECCE00A21896 /* Supporting Files */ = {
			isa = PBXGroup;
			children = (
				F0B188EC194BECCE00A21896 /* Win a DollaTests-Info.plist */,
				F0B188ED194BECCE00A21896 /* InfoPlist.strings */,
			);
			name = "Supporting Files";
			sourceTree = "<group>";
		};
/* End PBXGroup section */

/* Begin PBXNativeTarget section */
		F0B188BE194BECCE00A21896 /* Win a Dolla */ = {
			isa = PBXNativeTarget;
			buildConfigurationList = F0B188F4194BECCE00A21896 /* Build configuration list for PBXNativeTarget "Win a Dolla" */;
			buildPhases = (
				F0B188BB194BECCE00A21896 /* Sources */,
				F0B188BC194BECCE00A21896 /* Frameworks */,
				F0B188BD194BECCE00A21896 /* Resources */,
			);
			buildRules = (
			);
			dependencies = (
				F03693E2194C133600C8AFC8 /* PBXTargetDependency */,
			);
			name = "Win a Dolla";
			productName = "Win a Dolla";
			productReference = F0B188BF194BECCE00A21896 /* Win a Dolla.app */;
			productType = "com.apple.product-type.application";
		};
		F0B188E2194BECCE00A21896 /* Win a DollaTests */ = {
			isa = PBXNativeTarget;
			buildConfigurationList = F0B188F7194BECCE00A21896 /* Build configuration list for PBXNativeTarget "Win a DollaTests" */;
			buildPhases = (
				F0B188DF194BECCE00A21896 /* Sources */,
				F0B188E0194BECCE00A21896 /* Frameworks */,
				F0B188E1194BECCE00A21896 /* Resources */,
			);
			buildRules = (
			);
			dependencies = (
				F0B188E9194BECCE00A21896 /* PBXTargetDependency */,
			);
			name = "Win a DollaTests";
			productName = "Win a DollaTests";
			productReference = F0B188E3194BECCE00A21896 /* Win a DollaTests.xctest */;
			productType = "com.apple.product-type.bundle.unit-test";
		};
/* End PBXNativeTarget section */

/* Begin PBXProject section */
		F0B188B7194BECCE00A21896 /* Project object */ = {
			isa = PBXProject;
			attributes = {
				LastUpgradeCheck = 0510;
				ORGANIZATIONNAME = SOHacks;
				TargetAttributes = {
					F0B188E2194BECCE00A21896 = {
						TestTargetID = F0B188BE194BECCE00A21896;
					};
				};
			};
			buildConfigurationList = F0B188BA194BECCE00A21896 /* Build configuration list for PBXProject "Win a Dolla" */;
			compatibilityVersion = "Xcode 3.2";
			developmentRegion = English;
			hasScannedForEncodings = 0;
			knownRegions = (
				en,
				Base,
			);
			mainGroup = F0B188B6194BECCE00A21896;
			productRefGroup = F0B188C0194BECCE00A21896 /* Products */;
			projectDirPath = "";
			projectReferences = (
				{
					ProductGroup = F03693D6194C132900C8AFC8 /* Products */;
					ProjectRef = F03693D5194C132900C8AFC8 /* DwollaOAuth.xcodeproj */;
				},
			);
			projectRoot = "";
			targets = (
				F0B188BE194BECCE00A21896 /* Win a Dolla */,
				F0B188E2194BECCE00A21896 /* Win a DollaTests */,
			);
		};
/* End PBXProject section */

/* Begin PBXReferenceProxy section */
		F03693DC194C132900C8AFC8 /* DwollaOAuth.app */ = {
			isa = PBXReferenceProxy;
			fileType = wrapper.application;
			path = DwollaOAuth.app;
			remoteRef = F03693DB194C132900C8AFC8 /* PBXContainerItemProxy */;
			sourceTree = BUILT_PRODUCTS_DIR;
		};
		F03693DE194C132900C8AFC8 /* Test.app */ = {
			isa = PBXReferenceProxy;
			fileType = wrapper.application;
			path = Test.app;
			remoteRef = F03693DD194C132900C8AFC8 /* PBXContainerItemProxy */;
			sourceTree = BUILT_PRODUCTS_DIR;
		};
		F03693E0194C132900C8AFC8 /* libDwollaOAuthLib.a */ = {
			isa = PBXReferenceProxy;
			fileType = archive.ar;
			path = libDwollaOAuthLib.a;
			remoteRef = F03693DF194C132900C8AFC8 /* PBXContainerItemProxy */;
			sourceTree = BUILT_PRODUCTS_DIR;
		};
/* End PBXReferenceProxy section */

/* Begin PBXResourcesBuildPhase section */
		F0B188BD194BECCE00A21896 /* Resources */ = {
			isa = PBXResourcesBuildPhase;
			buildActionMask = 2147483647;
			files = (
				F0B188D9194BECCE00A21896 /* Main_iPad.storyboard in Resources */,
				F0B188DE194BECCE00A21896 /* Images.xcassets in Resources */,
				F0B188D6194BECCE00A21896 /* Main_iPhone.storyboard in Resources */,
				F0B188CD194BECCE00A21896 /* InfoPlist.strings in Resources */,
			);
			runOnlyForDeploymentPostprocessing = 0;
		};
		F0B188E1194BECCE00A21896 /* Resources */ = {
			isa = PBXResourcesBuildPhase;
			buildActionMask = 2147483647;
			files = (
				F0B188EF194BECCE00A21896 /* InfoPlist.strings in Resources */,
			);
			runOnlyForDeploymentPostprocessing = 0;
		};
/* End PBXResourcesBuildPhase section */

/* Begin PBXSourcesBuildPhase section */
		F0B188BB194BECCE00A21896 /* Sources */ = {
			isa = PBXSourcesBuildPhase;
			buildActionMask = 2147483647;
			files = (
				F0B188DC194BECCE00A21896 /* ViewController.m in Sources */,
				F0B188D3194BECCE00A21896 /* AppDelegate.m in Sources */,
				F0B188CF194BECCE00A21896 /* main.m in Sources */,
			);
			runOnlyForDeploymentPostprocessing = 0;
		};
		F0B188DF194BECCE00A21896 /* Sources */ = {
			isa = PBXSourcesBuildPhase;
			buildActionMask = 2147483647;
			files = (
				F0B188F1194BECCE00A21896 /* Win_a_DollaTests.m in Sources */,
			);
			runOnlyForDeploymentPostprocessing = 0;
		};
/* End PBXSourcesBuildPhase section */

/* Begin PBXTargetDependency section */
		F03693E2194C133600C8AFC8 /* PBXTargetDependency */ = {
			isa = PBXTargetDependency;
			name = DwollaOAuthLib;
			targetProxy = F03693E1194C133600C8AFC8 /* PBXContainerItemProxy */;
		};
		F0B188E9194BECCE00A21896 /* PBXTargetDependency */ = {
			isa = PBXTargetDependency;
			target = F0B188BE194BECCE00A21896 /* Win a Dolla */;
			targetProxy = F0B188E8194BECCE00A21896 /* PBXContainerItemProxy */;
		};
/* End PBXTargetDependency section */

/* Begin PBXVariantGroup section */
		F0B188CB194BECCE00A21896 /* InfoPlist.strings */ = {
			isa = PBXVariantGroup;
			children = (
				F0B188CC194BECCE00A21896 /* en */,
			);
			name = InfoPlist.strings;
			sourceTree = "<group>";
		};
		F0B188D4194BECCE00A21896 /* Main_iPhone.storyboard */ = {
			isa = PBXVariantGroup;
			children = (
				F0B188D5194BECCE00A21896 /* Base */,
			);
			name = Main_iPhone.storyboard;
			sourceTree = "<group>";
		};
		F0B188D7194BECCE00A21896 /* Main_iPad.storyboard */ = {
			isa = PBXVariantGroup;
			children = (
				F0B188D8194BECCE00A21896 /* Base */,
			);
			name = Main_iPad.storyboard;
			sourceTree = "<group>";
		};
		F0B188ED194BECCE00A21896 /* InfoPlist.strings */ = {
			isa = PBXVariantGroup;
			children = (
				F0B188EE194BECCE00A21896 /* en */,
			);
			name = InfoPlist.strings;
			sourceTree = "<group>";
		};
/* End PBXVariantGroup section */

/* Begin XCBuildConfiguration section */
		F0B188F2194BECCE00A21896 /* Debug */ = {
			isa = XCBuildConfiguration;
			buildSettings = {
				ALWAYS_SEARCH_USER_PATHS = YES;
				CLANG_CXX_LANGUAGE_STANDARD = "gnu++0x";
				CLANG_CXX_LIBRARY = "libc++";
				CLANG_ENABLE_MODULES = YES;
				CLANG_ENABLE_OBJC_ARC = YES;
				CLANG_WARN_BOOL_CONVERSION = YES;
				CLANG_WARN_CONSTANT_CONVERSION = YES;
				CLANG_WARN_DIRECT_OBJC_ISA_USAGE = YES_ERROR;
				CLANG_WARN_EMPTY_BODY = YES;
				CLANG_WARN_ENUM_CONVERSION = YES;
				CLANG_WARN_INT_CONVERSION = YES;
				CLANG_WARN_OBJC_ROOT_CLASS = YES_ERROR;
				CLANG_WARN__DUPLICATE_METHOD_MATCH = YES;
				"CODE_SIGN_IDENTITY[sdk=iphoneos*]" = "iPhone Developer";
				COPY_PHASE_STRIP = NO;
				GCC_C_LANGUAGE_STANDARD = gnu99;
				GCC_DYNAMIC_NO_PIC = NO;
				GCC_OPTIMIZATION_LEVEL = 0;
				GCC_PREPROCESSOR_DEFINITIONS = (
					"DEBUG=1",
					"$(inherited)",
				);
				GCC_SYMBOLS_PRIVATE_EXTERN = NO;
				GCC_WARN_64_TO_32_BIT_CONVERSION = YES;
				GCC_WARN_ABOUT_RETURN_TYPE = YES_ERROR;
				GCC_WARN_UNDECLARED_SELECTOR = YES;
				GCC_WARN_UNINITIALIZED_AUTOS = YES_AGGRESSIVE;
				GCC_WARN_UNUSED_FUNCTION = YES;
				GCC_WARN_UNUSED_VARIABLE = YES;
				HEADER_SEARCH_PATHS = (
					"$(inherited)",
					/Applications/Xcode.app/Contents/Developer/Toolchains/XcodeDefault.xctoolchain/usr/include,
					"$(SRCROOT)/dwolla-ios/DwollaOAuthLib/**",
				);
				IPHONEOS_DEPLOYMENT_TARGET = 7.1;
				ONLY_ACTIVE_ARCH = YES;
				SDKROOT = iphoneos;
				TARGETED_DEVICE_FAMILY = "1,2";
			};
			name = Debug;
		};
		F0B188F3194BECCE00A21896 /* Release */ = {
			isa = XCBuildConfiguration;
			buildSettings = {
				ALWAYS_SEARCH_USER_PATHS = YES;
				CLANG_CXX_LANGUAGE_STANDARD = "gnu++0x";
				CLANG_CXX_LIBRARY = "libc++";
				CLANG_ENABLE_MODULES = YES;
				CLANG_ENABLE_OBJC_ARC = YES;
				CLANG_WARN_BOOL_CONVERSION = YES;
				CLANG_WARN_CONSTANT_CONVERSION = YES;
				CLANG_WARN_DIRECT_OBJC_ISA_USAGE = YES_ERROR;
				CLANG_WARN_EMPTY_BODY = YES;
				CLANG_WARN_ENUM_CONVERSION = YES;
				CLANG_WARN_INT_CONVERSION = YES;
				CLANG_WARN_OBJC_ROOT_CLASS = YES_ERROR;
				CLANG_WARN__DUPLICATE_METHOD_MATCH = YES;
				"CODE_SIGN_IDENTITY[sdk=iphoneos*]" = "iPhone Developer";
				COPY_PHASE_STRIP = YES;
				ENABLE_NS_ASSERTIONS = NO;
				GCC_C_LANGUAGE_STANDARD = gnu99;
				GCC_WARN_64_TO_32_BIT_CONVERSION = YES;
				GCC_WARN_ABOUT_RETURN_TYPE = YES_ERROR;
				GCC_WARN_UNDECLARED_SELECTOR = YES;
				GCC_WARN_UNINITIALIZED_AUTOS = YES_AGGRESSIVE;
				GCC_WARN_UNUSED_FUNCTION = YES;
				GCC_WARN_UNUSED_VARIABLE = YES;
				HEADER_SEARCH_PATHS = (
					"$(inherited)",
					/Applications/Xcode.app/Contents/Developer/Toolchains/XcodeDefault.xctoolchain/usr/include,
					"$(SRCROOT)/dwolla-ios/DwollaOAuthLib/**",
				);
				IPHONEOS_DEPLOYMENT_TARGET = 7.1;
				SDKROOT = iphoneos;
				TARGETED_DEVICE_FAMILY = "1,2";
				VALIDATE_PRODUCT = YES;
			};
			name = Release;
		};
		F0B188F5194BECCE00A21896 /* Debug */ = {
			isa = XCBuildConfiguration;
			buildSettings = {
				ASSETCATALOG_COMPILER_APPICON_NAME = AppIcon;
				ASSETCATALOG_COMPILER_LAUNCHIMAGE_NAME = LaunchImage;
				GCC_PRECOMPILE_PREFIX_HEADER = YES;
				GCC_PREFIX_HEADER = "Win a Dolla/Win a Dolla-Prefix.pch";
				INFOPLIST_FILE = "Win a Dolla/Win a Dolla-Info.plist";
				PRODUCT_NAME = "$(TARGET_NAME)";
				WRAPPER_EXTENSION = app;
			};
			name = Debug;
		};
		F0B188F6194BECCE00A21896 /* Release */ = {
			isa = XCBuildConfiguration;
			buildSettings = {
				ASSETCATALOG_COMPILER_APPICON_NAME = AppIcon;
				ASSETCATALOG_COMPILER_LAUNCHIMAGE_NAME = LaunchImage;
				GCC_PRECOMPILE_PREFIX_HEADER = YES;
				GCC_PREFIX_HEADER = "Win a Dolla/Win a Dolla-Prefix.pch";
				INFOPLIST_FILE = "Win a Dolla/Win a Dolla-Info.plist";
				PRODUCT_NAME = "$(TARGET_NAME)";
				WRAPPER_EXTENSION = app;
			};
			name = Release;
		};
		F0B188F8194BECCE00A21896 /* Debug */ = {
			isa = XCBuildConfiguration;
			buildSettings = {
				BUNDLE_LOADER = "$(BUILT_PRODUCTS_DIR)/Win a Dolla.app/Win a Dolla";
				FRAMEWORK_SEARCH_PATHS = (
					"$(SDKROOT)/Developer/Library/Frameworks",
					"$(inherited)",
					"$(DEVELOPER_FRAMEWORKS_DIR)",
				);
				GCC_PRECOMPILE_PREFIX_HEADER = YES;
				GCC_PREFIX_HEADER = "Win a Dolla/Win a Dolla-Prefix.pch";
				GCC_PREPROCESSOR_DEFINITIONS = (
					"DEBUG=1",
					"$(inherited)",
				);
				INFOPLIST_FILE = "Win a DollaTests/Win a DollaTests-Info.plist";
				PRODUCT_NAME = "$(TARGET_NAME)";
				TEST_HOST = "$(BUNDLE_LOADER)";
				WRAPPER_EXTENSION = xctest;
			};
			name = Debug;
		};
		F0B188F9194BECCE00A21896 /* Release */ = {
			isa = XCBuildConfiguration;
			buildSettings = {
				BUNDLE_LOADER = "$(BUILT_PRODUCTS_DIR)/Win a Dolla.app/Win a Dolla";
				FRAMEWORK_SEARCH_PATHS = (
					"$(SDKROOT)/Developer/Library/Frameworks",
					"$(inherited)",
					"$(DEVELOPER_FRAMEWORKS_DIR)",
				);
				GCC_PRECOMPILE_PREFIX_HEADER = YES;
				GCC_PREFIX_HEADER = "Win a Dolla/Win a Dolla-Prefix.pch";
				INFOPLIST_FILE = "Win a DollaTests/Win a DollaTests-Info.plist";
				PRODUCT_NAME = "$(TARGET_NAME)";
				TEST_HOST = "$(BUNDLE_LOADER)";
				WRAPPER_EXTENSION = xctest;
			};
			name = Release;
		};
/* End XCBuildConfiguration section */

/* Begin XCConfigurationList section */
		F0B188BA194BECCE00A21896 /* Build configuration list for PBXProject "Win a Dolla" */ = {
			isa = XCConfigurationList;
			buildConfigurations = (
				F0B188F2194BECCE00A21896 /* Debug */,
				F0B188F3194BECCE00A21896 /* Release */,
			);
			defaultConfigurationIsVisible = 0;
			defaultConfigurationName = Release;
		};
		F0B188F4194BECCE00A21896 /* Build configuration list for PBXNativeTarget "Win a Dolla" */ = {
			isa = XCConfigurationList;
			buildConfigurations = (
				F0B188F5194BECCE00A21896 /* Debug */,
				F0B188F6194BECCE00A21896 /* Release */,
			);
			defaultConfigurationIsVisible = 0;
			defaultConfigurationName = Release;
		};
		F0B188F7194BECCE00A21896 /* Build configuration list for PBXNativeTarget "Win a DollaTests" */ = {
			isa = XCConfigurationList;
			buildConfigurations = (
				F0B188F8194BECCE00A21896 /* Debug */,
				F0B188F9194BECCE00A21896 /* Release */,
			);
			defaultConfigurationIsVisible = 0;
			defaultConfigurationName = Release;
		};
/* End XCConfigurationList section */
	};
	rootObject = F0B188B7194BECCE00A21896 /* Project object */;
}
